// !$*UTF8*$!
{
	archiveVersion = 1;
	classes = {
	};
	objectVersion = 55;
	objects = {

/* Begin PBXBuildFile section */
		A10EF919282D9B1000764BB6 /* AppDelegate.swift in Sources */ = {isa = PBXBuildFile; fileRef = A10EF918282D9B1000764BB6 /* AppDelegate.swift */; };
		A10EF91B282D9B1000764BB6 /* SceneDelegate.swift in Sources */ = {isa = PBXBuildFile; fileRef = A10EF91A282D9B1000764BB6 /* SceneDelegate.swift */; };
		A10EF91D282D9B1000764BB6 /* ViewController.swift in Sources */ = {isa = PBXBuildFile; fileRef = A10EF91C282D9B1000764BB6 /* ViewController.swift */; };
		A10EF920282D9B1000764BB6 /* Main.storyboard in Resources */ = {isa = PBXBuildFile; fileRef = A10EF91E282D9B1000764BB6 /* Main.storyboard */; };
		A10EF922282D9B1300764BB6 /* Assets.xcassets in Resources */ = {isa = PBXBuildFile; fileRef = A10EF921282D9B1300764BB6 /* Assets.xcassets */; };
		A10EF930282D9B1300764BB6 /* ForeFlightProjectTests.swift in Sources */ = {isa = PBXBuildFile; fileRef = A10EF92F282D9B1300764BB6 /* ForeFlightProjectTests.swift */; };
		A10EF93A282D9B1300764BB6 /* ForeFlightProjectUITests.swift in Sources */ = {isa = PBXBuildFile; fileRef = A10EF939282D9B1300764BB6 /* ForeFlightProjectUITests.swift */; };
		A10EF93C282D9B1300764BB6 /* ForeFlightProjectUITestsLaunchTests.swift in Sources */ = {isa = PBXBuildFile; fileRef = A10EF93B282D9B1300764BB6 /* ForeFlightProjectUITestsLaunchTests.swift */; };
		A1A19797282EA7EC00ED36D0 /* AirportModel.swift in Sources */ = {isa = PBXBuildFile; fileRef = A1A19796282EA7EC00ED36D0 /* AirportModel.swift */; };
		A1A19799282EAAE600ED36D0 /* AirportTableViewCell.swift in Sources */ = {isa = PBXBuildFile; fileRef = A1A19798282EAAE600ED36D0 /* AirportTableViewCell.swift */; };
		A1A1979B282EAB0100ED36D0 /* AirportTableViewCell.xib in Resources */ = {isa = PBXBuildFile; fileRef = A1A1979A282EAB0100ED36D0 /* AirportTableViewCell.xib */; };
		A1A197A1282F2C0400ED36D0 /* AirportDetailsViewController.swift in Sources */ = {isa = PBXBuildFile; fileRef = A1A197A0282F2C0400ED36D0 /* AirportDetailsViewController.swift */; };
		A1A197A3282F2C1700ED36D0 /* AirportDetailsViewController.xib in Resources */ = {isa = PBXBuildFile; fileRef = A1A197A2282F2C1700ED36D0 /* AirportDetailsViewController.xib */; };
		A1A197A5282FF7A800ED36D0 /* NetworkClientProvider.swift in Sources */ = {isa = PBXBuildFile; fileRef = A1A197A4282FF7A800ED36D0 /* NetworkClientProvider.swift */; };
		A1A197A7282FF97800ED36D0 /* StringConstants.swift in Sources */ = {isa = PBXBuildFile; fileRef = A1A197A6282FF97800ED36D0 /* StringConstants.swift */; };
		A1A197AD2831796700ED36D0 /* DetailViewModel.swift in Sources */ = {isa = PBXBuildFile; fileRef = A1A197AC2831796700ED36D0 /* DetailViewModel.swift */; };
		A1A197AF28318C9600ED36D0 /* ForecastViewModel.swift in Sources */ = {isa = PBXBuildFile; fileRef = A1A197AE28318C9600ED36D0 /* ForecastViewModel.swift */; };
		A1A197BF2831D40F00ED36D0 /* runway.jpg in Resources */ = {isa = PBXBuildFile; fileRef = A1A197BE2831D40F00ED36D0 /* runway.jpg */; };
		A1A197C12831D45100ED36D0 /* LaunchScreen.storyboard in Resources */ = {isa = PBXBuildFile; fileRef = A1A197C02831D45100ED36D0 /* LaunchScreen.storyboard */; };
		A1A197C328328AAA00ED36D0 /* Logger.swift in Sources */ = {isa = PBXBuildFile; fileRef = A1A197C228328AAA00ED36D0 /* Logger.swift */; };
/* End PBXBuildFile section */

/* Begin PBXContainerItemProxy section */
		A10EF92C282D9B1300764BB6 /* PBXContainerItemProxy */ = {
			isa = PBXContainerItemProxy;
			containerPortal = A10EF90D282D9B1000764BB6 /* Project object */;
			proxyType = 1;
			remoteGlobalIDString = A10EF914282D9B1000764BB6;
			remoteInfo = ForeFlightProject;
		};
		A10EF936282D9B1300764BB6 /* PBXContainerItemProxy */ = {
			isa = PBXContainerItemProxy;
			containerPortal = A10EF90D282D9B1000764BB6 /* Project object */;
			proxyType = 1;
			remoteGlobalIDString = A10EF914282D9B1000764BB6;
			remoteInfo = ForeFlightProject;
		};
/* End PBXContainerItemProxy section */

/* Begin PBXFileReference section */
		A10EF915282D9B1000764BB6 /* ForeFlightProject.app */ = {isa = PBXFileReference; explicitFileType = wrapper.application; includeInIndex = 0; path = ForeFlightProject.app; sourceTree = BUILT_PRODUCTS_DIR; };
		A10EF918282D9B1000764BB6 /* AppDelegate.swift */ = {isa = PBXFileReference; lastKnownFileType = sourcecode.swift; path = AppDelegate.swift; sourceTree = "<group>"; };
		A10EF91A282D9B1000764BB6 /* SceneDelegate.swift */ = {isa = PBXFileReference; lastKnownFileType = sourcecode.swift; path = SceneDelegate.swift; sourceTree = "<group>"; };
		A10EF91C282D9B1000764BB6 /* ViewController.swift */ = {isa = PBXFileReference; lastKnownFileType = sourcecode.swift; path = ViewController.swift; sourceTree = "<group>"; };
		A10EF91F282D9B1000764BB6 /* Base */ = {isa = PBXFileReference; lastKnownFileType = file.storyboard; name = Base; path = Base.lproj/Main.storyboard; sourceTree = "<group>"; };
		A10EF921282D9B1300764BB6 /* Assets.xcassets */ = {isa = PBXFileReference; lastKnownFileType = folder.assetcatalog; path = Assets.xcassets; sourceTree = "<group>"; };
		A10EF926282D9B1300764BB6 /* Info.plist */ = {isa = PBXFileReference; lastKnownFileType = text.plist.xml; path = Info.plist; sourceTree = "<group>"; };
		A10EF92B282D9B1300764BB6 /* ForeFlightProjectTests.xctest */ = {isa = PBXFileReference; explicitFileType = wrapper.cfbundle; includeInIndex = 0; path = ForeFlightProjectTests.xctest; sourceTree = BUILT_PRODUCTS_DIR; };
		A10EF92F282D9B1300764BB6 /* ForeFlightProjectTests.swift */ = {isa = PBXFileReference; lastKnownFileType = sourcecode.swift; path = ForeFlightProjectTests.swift; sourceTree = "<group>"; };
		A10EF935282D9B1300764BB6 /* ForeFlightProjectUITests.xctest */ = {isa = PBXFileReference; explicitFileType = wrapper.cfbundle; includeInIndex = 0; path = ForeFlightProjectUITests.xctest; sourceTree = BUILT_PRODUCTS_DIR; };
		A10EF939282D9B1300764BB6 /* ForeFlightProjectUITests.swift */ = {isa = PBXFileReference; lastKnownFileType = sourcecode.swift; path = ForeFlightProjectUITests.swift; sourceTree = "<group>"; };
		A10EF93B282D9B1300764BB6 /* ForeFlightProjectUITestsLaunchTests.swift */ = {isa = PBXFileReference; lastKnownFileType = sourcecode.swift; path = ForeFlightProjectUITestsLaunchTests.swift; sourceTree = "<group>"; };
		A1A19796282EA7EC00ED36D0 /* AirportModel.swift */ = {isa = PBXFileReference; lastKnownFileType = sourcecode.swift; path = AirportModel.swift; sourceTree = "<group>"; };
		A1A19798282EAAE600ED36D0 /* AirportTableViewCell.swift */ = {isa = PBXFileReference; lastKnownFileType = sourcecode.swift; path = AirportTableViewCell.swift; sourceTree = "<group>"; };
		A1A1979A282EAB0100ED36D0 /* AirportTableViewCell.xib */ = {isa = PBXFileReference; lastKnownFileType = file.xib; path = AirportTableViewCell.xib; sourceTree = "<group>"; };
		A1A197A0282F2C0400ED36D0 /* AirportDetailsViewController.swift */ = {isa = PBXFileReference; lastKnownFileType = sourcecode.swift; path = AirportDetailsViewController.swift; sourceTree = "<group>"; };
		A1A197A2282F2C1700ED36D0 /* AirportDetailsViewController.xib */ = {isa = PBXFileReference; lastKnownFileType = file.xib; path = AirportDetailsViewController.xib; sourceTree = "<group>"; };
		A1A197A4282FF7A800ED36D0 /* NetworkClientProvider.swift */ = {isa = PBXFileReference; lastKnownFileType = sourcecode.swift; path = NetworkClientProvider.swift; sourceTree = "<group>"; };
		A1A197A6282FF97800ED36D0 /* StringConstants.swift */ = {isa = PBXFileReference; lastKnownFileType = sourcecode.swift; path = StringConstants.swift; sourceTree = "<group>"; };
		A1A197AC2831796700ED36D0 /* DetailViewModel.swift */ = {isa = PBXFileReference; lastKnownFileType = sourcecode.swift; path = DetailViewModel.swift; sourceTree = "<group>"; };
		A1A197AE28318C9600ED36D0 /* ForecastViewModel.swift */ = {isa = PBXFileReference; lastKnownFileType = sourcecode.swift; path = ForecastViewModel.swift; sourceTree = "<group>"; };
		A1A197BE2831D40F00ED36D0 /* runway.jpg */ = {isa = PBXFileReference; lastKnownFileType = image.jpeg; path = runway.jpg; sourceTree = "<group>"; };
		A1A197C02831D45100ED36D0 /* LaunchScreen.storyboard */ = {isa = PBXFileReference; lastKnownFileType = file.storyboard; path = LaunchScreen.storyboard; sourceTree = "<group>"; };
		A1A197C228328AAA00ED36D0 /* Logger.swift */ = {isa = PBXFileReference; lastKnownFileType = sourcecode.swift; path = Logger.swift; sourceTree = "<group>"; };
/* End PBXFileReference section */

/* Begin PBXFrameworksBuildPhase section */
		A10EF912282D9B1000764BB6 /* Frameworks */ = {
			isa = PBXFrameworksBuildPhase;
			buildActionMask = 2147483647;
			files = (
			);
			runOnlyForDeploymentPostprocessing = 0;
		};
		A10EF928282D9B1300764BB6 /* Frameworks */ = {
			isa = PBXFrameworksBuildPhase;
			buildActionMask = 2147483647;
			files = (
			);
			runOnlyForDeploymentPostprocessing = 0;
		};
		A10EF932282D9B1300764BB6 /* Frameworks */ = {
			isa = PBXFrameworksBuildPhase;
			buildActionMask = 2147483647;
			files = (
			);
			runOnlyForDeploymentPostprocessing = 0;
		};
/* End PBXFrameworksBuildPhase section */

/* Begin PBXGroup section */
		A10EF90C282D9B1000764BB6 = {
			isa = PBXGroup;
			children = (
				A10EF917282D9B1000764BB6 /* ForeFlightProject */,
				A10EF92E282D9B1300764BB6 /* ForeFlightProjectTests */,
				A10EF938282D9B1300764BB6 /* ForeFlightProjectUITests */,
				A10EF916282D9B1000764BB6 /* Products */,
			);
			sourceTree = "<group>";
		};
		A10EF916282D9B1000764BB6 /* Products */ = {
			isa = PBXGroup;
			children = (
				A10EF915282D9B1000764BB6 /* ForeFlightProject.app */,
				A10EF92B282D9B1300764BB6 /* ForeFlightProjectTests.xctest */,
				A10EF935282D9B1300764BB6 /* ForeFlightProjectUITests.xctest */,
			);
			name = Products;
			sourceTree = "<group>";
		};
		A10EF917282D9B1000764BB6 /* ForeFlightProject */ = {
			isa = PBXGroup;
			children = (
				A1A197BB2831D32F00ED36D0 /* Images */,
				A1A197B62831A06100ED36D0 /* Network */,
				A1A197B52831A04500ED36D0 /* View Controllers */,
				A1A197B42831A03100ED36D0 /* Utils */,
				A1A197B32831A01600ED36D0 /* Table View */,
				A1A197B228319FF400ED36D0 /* Models */,
				A10EF918282D9B1000764BB6 /* AppDelegate.swift */,
				A10EF91A282D9B1000764BB6 /* SceneDelegate.swift */,
				A10EF91E282D9B1000764BB6 /* Main.storyboard */,
				A10EF926282D9B1300764BB6 /* Info.plist */,
				A1A197C02831D45100ED36D0 /* LaunchScreen.storyboard */,
			);
			path = ForeFlightProject;
			sourceTree = "<group>";
		};
		A10EF92E282D9B1300764BB6 /* ForeFlightProjectTests */ = {
			isa = PBXGroup;
			children = (
				A10EF92F282D9B1300764BB6 /* ForeFlightProjectTests.swift */,
			);
			path = ForeFlightProjectTests;
			sourceTree = "<group>";
		};
		A10EF938282D9B1300764BB6 /* ForeFlightProjectUITests */ = {
			isa = PBXGroup;
			children = (
				A10EF939282D9B1300764BB6 /* ForeFlightProjectUITests.swift */,
				A10EF93B282D9B1300764BB6 /* ForeFlightProjectUITestsLaunchTests.swift */,
			);
			path = ForeFlightProjectUITests;
			sourceTree = "<group>";
		};
		A1A197B228319FF400ED36D0 /* Models */ = {
			isa = PBXGroup;
			children = (
				A1A19796282EA7EC00ED36D0 /* AirportModel.swift */,
				A1A197AC2831796700ED36D0 /* DetailViewModel.swift */,
				A1A197AE28318C9600ED36D0 /* ForecastViewModel.swift */,
			);
			path = Models;
			sourceTree = "<group>";
		};
		A1A197B32831A01600ED36D0 /* Table View */ = {
			isa = PBXGroup;
			children = (
				A1A19798282EAAE600ED36D0 /* AirportTableViewCell.swift */,
				A1A1979A282EAB0100ED36D0 /* AirportTableViewCell.xib */,
			);
			path = "Table View";
			sourceTree = "<group>";
		};
		A1A197B42831A03100ED36D0 /* Utils */ = {
			isa = PBXGroup;
			children = (
				A1A197A6282FF97800ED36D0 /* StringConstants.swift */,
				A1A197C228328AAA00ED36D0 /* Logger.swift */,
			);
			path = Utils;
			sourceTree = "<group>";
		};
		A1A197B52831A04500ED36D0 /* View Controllers */ = {
			isa = PBXGroup;
			children = (
				A10EF91C282D9B1000764BB6 /* ViewController.swift */,
				A1A197A0282F2C0400ED36D0 /* AirportDetailsViewController.swift */,
				A1A197A2282F2C1700ED36D0 /* AirportDetailsViewController.xib */,
			);
			path = "View Controllers";
			sourceTree = "<group>";
		};
		A1A197B62831A06100ED36D0 /* Network */ = {
			isa = PBXGroup;
			children = (
				A1A197A4282FF7A800ED36D0 /* NetworkClientProvider.swift */,
			);
			path = Network;
			sourceTree = "<group>";
		};
		A1A197BB2831D32F00ED36D0 /* Images */ = {
			isa = PBXGroup;
			children = (
				A1A197BE2831D40F00ED36D0 /* runway.jpg */,
				A10EF921282D9B1300764BB6 /* Assets.xcassets */,
			);
			path = Images;
			sourceTree = "<group>";
		};
/* End PBXGroup section */

/* Begin PBXNativeTarget section */
		A10EF914282D9B1000764BB6 /* ForeFlightProject */ = {
			isa = PBXNativeTarget;
			buildConfigurationList = A10EF93F282D9B1300764BB6 /* Build configuration list for PBXNativeTarget "ForeFlightProject" */;
			buildPhases = (
				A10EF911282D9B1000764BB6 /* Sources */,
				A10EF912282D9B1000764BB6 /* Frameworks */,
				A10EF913282D9B1000764BB6 /* Resources */,
			);
			buildRules = (
			);
			dependencies = (
			);
			name = ForeFlightProject;
			productName = ForeFlightProject;
			productReference = A10EF915282D9B1000764BB6 /* ForeFlightProject.app */;
			productType = "com.apple.product-type.application";
		};
		A10EF92A282D9B1300764BB6 /* ForeFlightProjectTests */ = {
			isa = PBXNativeTarget;
			buildConfigurationList = A10EF942282D9B1300764BB6 /* Build configuration list for PBXNativeTarget "ForeFlightProjectTests" */;
			buildPhases = (
				A10EF927282D9B1300764BB6 /* Sources */,
				A10EF928282D9B1300764BB6 /* Frameworks */,
				A10EF929282D9B1300764BB6 /* Resources */,
			);
			buildRules = (
			);
			dependencies = (
				A10EF92D282D9B1300764BB6 /* PBXTargetDependency */,
			);
			name = ForeFlightProjectTests;
			productName = ForeFlightProjectTests;
			productReference = A10EF92B282D9B1300764BB6 /* ForeFlightProjectTests.xctest */;
			productType = "com.apple.product-type.bundle.unit-test";
		};
		A10EF934282D9B1300764BB6 /* ForeFlightProjectUITests */ = {
			isa = PBXNativeTarget;
			buildConfigurationList = A10EF945282D9B1300764BB6 /* Build configuration list for PBXNativeTarget "ForeFlightProjectUITests" */;
			buildPhases = (
				A10EF931282D9B1300764BB6 /* Sources */,
				A10EF932282D9B1300764BB6 /* Frameworks */,
				A10EF933282D9B1300764BB6 /* Resources */,
			);
			buildRules = (
			);
			dependencies = (
				A10EF937282D9B1300764BB6 /* PBXTargetDependency */,
			);
			name = ForeFlightProjectUITests;
			productName = ForeFlightProjectUITests;
			productReference = A10EF935282D9B1300764BB6 /* ForeFlightProjectUITests.xctest */;
			productType = "com.apple.product-type.bundle.ui-testing";
		};
/* End PBXNativeTarget section */

/* Begin PBXProject section */
		A10EF90D282D9B1000764BB6 /* Project object */ = {
			isa = PBXProject;
			attributes = {
				BuildIndependentTargetsInParallel = 1;
				LastSwiftUpdateCheck = 1320;
				LastUpgradeCheck = 1320;
				TargetAttributes = {
					A10EF914282D9B1000764BB6 = {
						CreatedOnToolsVersion = 13.2.1;
					};
					A10EF92A282D9B1300764BB6 = {
						CreatedOnToolsVersion = 13.2.1;
						TestTargetID = A10EF914282D9B1000764BB6;
					};
					A10EF934282D9B1300764BB6 = {
						CreatedOnToolsVersion = 13.2.1;
						TestTargetID = A10EF914282D9B1000764BB6;
					};
				};
			};
			buildConfigurationList = A10EF910282D9B1000764BB6 /* Build configuration list for PBXProject "ForeFlightProject" */;
			compatibilityVersion = "Xcode 13.0";
			developmentRegion = en;
			hasScannedForEncodings = 0;
			knownRegions = (
				en,
				Base,
			);
			mainGroup = A10EF90C282D9B1000764BB6;
			productRefGroup = A10EF916282D9B1000764BB6 /* Products */;
			projectDirPath = "";
			projectRoot = "";
			targets = (
				A10EF914282D9B1000764BB6 /* ForeFlightProject */,
				A10EF92A282D9B1300764BB6 /* ForeFlightProjectTests */,
				A10EF934282D9B1300764BB6 /* ForeFlightProjectUITests */,
			);
		};
/* End PBXProject section */

/* Begin PBXResourcesBuildPhase section */
		A10EF913282D9B1000764BB6 /* Resources */ = {
			isa = PBXResourcesBuildPhase;
			buildActionMask = 2147483647;
			files = (
				A1A1979B282EAB0100ED36D0 /* AirportTableViewCell.xib in Resources */,
				A1A197A3282F2C1700ED36D0 /* AirportDetailsViewController.xib in Resources */,
				A10EF922282D9B1300764BB6 /* Assets.xcassets in Resources */,
				A1A197C12831D45100ED36D0 /* LaunchScreen.storyboard in Resources */,
				A10EF920282D9B1000764BB6 /* Main.storyboard in Resources */,
				A1A197BF2831D40F00ED36D0 /* runway.jpg in Resources */,
			);
			runOnlyForDeploymentPostprocessing = 0;
		};
		A10EF929282D9B1300764BB6 /* Resources */ = {
			isa = PBXResourcesBuildPhase;
			buildActionMask = 2147483647;
			files = (
			);
			runOnlyForDeploymentPostprocessing = 0;
		};
		A10EF933282D9B1300764BB6 /* Resources */ = {
			isa = PBXResourcesBuildPhase;
			buildActionMask = 2147483647;
			files = (
			);
			runOnlyForDeploymentPostprocessing = 0;
		};
/* End PBXResourcesBuildPhase section */

/* Begin PBXSourcesBuildPhase section */
		A10EF911282D9B1000764BB6 /* Sources */ = {
			isa = PBXSourcesBuildPhase;
			buildActionMask = 2147483647;
			files = (
				A10EF91D282D9B1000764BB6 /* ViewController.swift in Sources */,
				A1A197C328328AAA00ED36D0 /* Logger.swift in Sources */,
				A1A197A7282FF97800ED36D0 /* StringConstants.swift in Sources */,
				A1A197A5282FF7A800ED36D0 /* NetworkClientProvider.swift in Sources */,
				A10EF919282D9B1000764BB6 /* AppDelegate.swift in Sources */,
				A1A19799282EAAE600ED36D0 /* AirportTableViewCell.swift in Sources */,
				A10EF91B282D9B1000764BB6 /* SceneDelegate.swift in Sources */,
				A1A19797282EA7EC00ED36D0 /* AirportModel.swift in Sources */,
				A1A197A1282F2C0400ED36D0 /* AirportDetailsViewController.swift in Sources */,
				A1A197AF28318C9600ED36D0 /* ForecastViewModel.swift in Sources */,
				A1A197AD2831796700ED36D0 /* DetailViewModel.swift in Sources */,
			);
			runOnlyForDeploymentPostprocessing = 0;
		};
		A10EF927282D9B1300764BB6 /* Sources */ = {
			isa = PBXSourcesBuildPhase;
			buildActionMask = 2147483647;
			files = (
				A10EF930282D9B1300764BB6 /* ForeFlightProjectTests.swift in Sources */,
			);
			runOnlyForDeploymentPostprocessing = 0;
		};
		A10EF931282D9B1300764BB6 /* Sources */ = {
			isa = PBXSourcesBuildPhase;
			buildActionMask = 2147483647;
			files = (
				A10EF93C282D9B1300764BB6 /* ForeFlightProjectUITestsLaunchTests.swift in Sources */,
				A10EF93A282D9B1300764BB6 /* ForeFlightProjectUITests.swift in Sources */,
			);
			runOnlyForDeploymentPostprocessing = 0;
		};
/* End PBXSourcesBuildPhase section */

/* Begin PBXTargetDependency section */
		A10EF92D282D9B1300764BB6 /* PBXTargetDependency */ = {
			isa = PBXTargetDependency;
			target = A10EF914282D9B1000764BB6 /* ForeFlightProject */;
			targetProxy = A10EF92C282D9B1300764BB6 /* PBXContainerItemProxy */;
		};
		A10EF937282D9B1300764BB6 /* PBXTargetDependency */ = {
			isa = PBXTargetDependency;
			target = A10EF914282D9B1000764BB6 /* ForeFlightProject */;
			targetProxy = A10EF936282D9B1300764BB6 /* PBXContainerItemProxy */;
		};
/* End PBXTargetDependency section */

/* Begin PBXVariantGroup section */
		A10EF91E282D9B1000764BB6 /* Main.storyboard */ = {
			isa = PBXVariantGroup;
			children = (
				A10EF91F282D9B1000764BB6 /* Base */,
			);
			name = Main.storyboard;
			sourceTree = "<group>";
		};
/* End PBXVariantGroup section */

/* Begin XCBuildConfiguration section */
		A10EF93D282D9B1300764BB6 /* Debug */ = {
			isa = XCBuildConfiguration;
			buildSettings = {
				ALWAYS_SEARCH_USER_PATHS = NO;
				CLANG_ANALYZER_NONNULL = YES;
				CLANG_ANALYZER_NUMBER_OBJECT_CONVERSION = YES_AGGRESSIVE;
				CLANG_CXX_LANGUAGE_STANDARD = "gnu++17";
				CLANG_CXX_LIBRARY = "libc++";
				CLANG_ENABLE_MODULES = YES;
				CLANG_ENABLE_OBJC_ARC = YES;
				CLANG_ENABLE_OBJC_WEAK = YES;
				CLANG_WARN_BLOCK_CAPTURE_AUTORELEASING = YES;
				CLANG_WARN_BOOL_CONVERSION = YES;
				CLANG_WARN_COMMA = YES;
				CLANG_WARN_CONSTANT_CONVERSION = YES;
				CLANG_WARN_DEPRECATED_OBJC_IMPLEMENTATIONS = YES;
				CLANG_WARN_DIRECT_OBJC_ISA_USAGE = YES_ERROR;
				CLANG_WARN_DOCUMENTATION_COMMENTS = YES;
				CLANG_WARN_EMPTY_BODY = YES;
				CLANG_WARN_ENUM_CONVERSION = YES;
				CLANG_WARN_INFINITE_RECURSION = YES;
				CLANG_WARN_INT_CONVERSION = YES;
				CLANG_WARN_NON_LITERAL_NULL_CONVERSION = YES;
				CLANG_WARN_OBJC_IMPLICIT_RETAIN_SELF = YES;
				CLANG_WARN_OBJC_LITERAL_CONVERSION = YES;
				CLANG_WARN_OBJC_ROOT_CLASS = YES_ERROR;
				CLANG_WARN_QUOTED_INCLUDE_IN_FRAMEWORK_HEADER = YES;
				CLANG_WARN_RANGE_LOOP_ANALYSIS = YES;
				CLANG_WARN_STRICT_PROTOTYPES = YES;
				CLANG_WARN_SUSPICIOUS_MOVE = YES;
				CLANG_WARN_UNGUARDED_AVAILABILITY = YES_AGGRESSIVE;
				CLANG_WARN_UNREACHABLE_CODE = YES;
				CLANG_WARN__DUPLICATE_METHOD_MATCH = YES;
				COPY_PHASE_STRIP = NO;
				DEBUG_INFORMATION_FORMAT = dwarf;
				ENABLE_STRICT_OBJC_MSGSEND = YES;
				ENABLE_TESTABILITY = YES;
				GCC_C_LANGUAGE_STANDARD = gnu11;
				GCC_DYNAMIC_NO_PIC = NO;
				GCC_NO_COMMON_BLOCKS = YES;
				GCC_OPTIMIZATION_LEVEL = 0;
				GCC_PREPROCESSOR_DEFINITIONS = (
					"DEBUG=1",
					"$(inherited)",
				);
				GCC_WARN_64_TO_32_BIT_CONVERSION = YES;
				GCC_WARN_ABOUT_RETURN_TYPE = YES_ERROR;
				GCC_WARN_UNDECLARED_SELECTOR = YES;
				GCC_WARN_UNINITIALIZED_AUTOS = YES_AGGRESSIVE;
				GCC_WARN_UNUSED_FUNCTION = YES;
				GCC_WARN_UNUSED_VARIABLE = YES;
				IPHONEOS_DEPLOYMENT_TARGET = 15.2;
				MTL_ENABLE_DEBUG_INFO = INCLUDE_SOURCE;
				MTL_FAST_MATH = YES;
				ONLY_ACTIVE_ARCH = YES;
				SDKROOT = iphoneos;
				SWIFT_ACTIVE_COMPILATION_CONDITIONS = DEBUG;
				SWIFT_OPTIMIZATION_LEVEL = "-Onone";
			};
			name = Debug;
		};
		A10EF93E282D9B1300764BB6 /* Release */ = {
			isa = XCBuildConfiguration;
			buildSettings = {
				ALWAYS_SEARCH_USER_PATHS = NO;
				CLANG_ANALYZER_NONNULL = YES;
				CLANG_ANALYZER_NUMBER_OBJECT_CONVERSION = YES_AGGRESSIVE;
				CLANG_CXX_LANGUAGE_STANDARD = "gnu++17";
				CLANG_CXX_LIBRARY = "libc++";
				CLANG_ENABLE_MODULES = YES;
				CLANG_ENABLE_OBJC_ARC = YES;
				CLANG_ENABLE_OBJC_WEAK = YES;
				CLANG_WARN_BLOCK_CAPTURE_AUTORELEASING = YES;
				CLANG_WARN_BOOL_CONVERSION = YES;
				CLANG_WARN_COMMA = YES;
				CLANG_WARN_CONSTANT_CONVERSION = YES;
				CLANG_WARN_DEPRECATED_OBJC_IMPLEMENTATIONS = YES;
				CLANG_WARN_DIRECT_OBJC_ISA_USAGE = YES_ERROR;
				CLANG_WARN_DOCUMENTATION_COMMENTS = YES;
				CLANG_WARN_EMPTY_BODY = YES;
				CLANG_WARN_ENUM_CONVERSION = YES;
				CLANG_WARN_INFINITE_RECURSION = YES;
				CLANG_WARN_INT_CONVERSION = YES;
				CLANG_WARN_NON_LITERAL_NULL_CONVERSION = YES;
				CLANG_WARN_OBJC_IMPLICIT_RETAIN_SELF = YES;
				CLANG_WARN_OBJC_LITERAL_CONVERSION = YES;
				CLANG_WARN_OBJC_ROOT_CLASS = YES_ERROR;
				CLANG_WARN_QUOTED_INCLUDE_IN_FRAMEWORK_HEADER = YES;
				CLANG_WARN_RANGE_LOOP_ANALYSIS = YES;
				CLANG_WARN_STRICT_PROTOTYPES = YES;
				CLANG_WARN_SUSPICIOUS_MOVE = YES;
				CLANG_WARN_UNGUARDED_AVAILABILITY = YES_AGGRESSIVE;
				CLANG_WARN_UNREACHABLE_CODE = YES;
				CLANG_WARN__DUPLICATE_METHOD_MATCH = YES;
				COPY_PHASE_STRIP = NO;
				DEBUG_INFORMATION_FORMAT = "dwarf-with-dsym";
				ENABLE_NS_ASSERTIONS = NO;
				ENABLE_STRICT_OBJC_MSGSEND = YES;
				GCC_C_LANGUAGE_STANDARD = gnu11;
				GCC_NO_COMMON_BLOCKS = YES;
				GCC_WARN_64_TO_32_BIT_CONVERSION = YES;
				GCC_WARN_ABOUT_RETURN_TYPE = YES_ERROR;
				GCC_WARN_UNDECLARED_SELECTOR = YES;
				GCC_WARN_UNINITIALIZED_AUTOS = YES_AGGRESSIVE;
				GCC_WARN_UNUSED_FUNCTION = YES;
				GCC_WARN_UNUSED_VARIABLE = YES;
				IPHONEOS_DEPLOYMENT_TARGET = 15.2;
				MTL_ENABLE_DEBUG_INFO = NO;
				MTL_FAST_MATH = YES;
				SDKROOT = iphoneos;
				SWIFT_COMPILATION_MODE = wholemodule;
				SWIFT_OPTIMIZATION_LEVEL = "-O";
				VALIDATE_PRODUCT = YES;
			};
			name = Release;
		};
		A10EF940282D9B1300764BB6 /* Debug */ = {
			isa = XCBuildConfiguration;
			buildSettings = {
				ASSETCATALOG_COMPILER_APPICON_NAME = AppIcon;
				ASSETCATALOG_COMPILER_GLOBAL_ACCENT_COLOR_NAME = AccentColor;
				CODE_SIGN_STYLE = Automatic;
				CURRENT_PROJECT_VERSION = 1;
				DEVELOPMENT_TEAM = 3W8TLG2K9U;
				GENERATE_INFOPLIST_FILE = YES;
				INFOPLIST_FILE = ForeFlightProject/Info.plist;
				INFOPLIST_KEY_UIApplicationSupportsIndirectInputEvents = YES;
				INFOPLIST_KEY_UILaunchStoryboardName = LaunchScreen;
				INFOPLIST_KEY_UIMainStoryboardFile = Main;
				INFOPLIST_KEY_UISupportedInterfaceOrientations_iPad = "UIInterfaceOrientationPortrait UIInterfaceOrientationPortraitUpsideDown UIInterfaceOrientationLandscapeLeft UIInterfaceOrientationLandscapeRight";
				INFOPLIST_KEY_UISupportedInterfaceOrientations_iPhone = "UIInterfaceOrientationPortrait UIInterfaceOrientationLandscapeLeft UIInterfaceOrientationLandscapeRight";
				LD_RUNPATH_SEARCH_PATHS = (
					"$(inherited)",
					"@executable_path/Frameworks",
				);
				MARKETING_VERSION = 1.0;
				PRODUCT_BUNDLE_IDENTIFIER = com.testapp.ForeFlightProject;
				PRODUCT_NAME = "$(TARGET_NAME)";
				SWIFT_EMIT_LOC_STRINGS = YES;
				SWIFT_VERSION = 5.0;
				TARGETED_DEVICE_FAMILY = "1,2";
			};
			name = Debug;
		};
		A10EF941282D9B1300764BB6 /* Release */ = {
			isa = XCBuildConfiguration;
			buildSettings = {
				ASSETCATALOG_COMPILER_APPICON_NAME = AppIcon;
				ASSETCATALOG_COMPILER_GLOBAL_ACCENT_COLOR_NAME = AccentColor;
				CODE_SIGN_STYLE = Automatic;
				CURRENT_PROJECT_VERSION = 1;
				DEVELOPMENT_TEAM = 3W8TLG2K9U;
				GENERATE_INFOPLIST_FILE = YES;
				INFOPLIST_FILE = ForeFlightProject/Info.plist;
				INFOPLIST_KEY_UIApplicationSupportsIndirectInputEvents = YES;
				INFOPLIST_KEY_UILaunchStoryboardName = LaunchScreen;
				INFOPLIST_KEY_UIMainStoryboardFile = Main;
				INFOPLIST_KEY_UISupportedInterfaceOrientations_iPad = "UIInterfaceOrientationPortrait UIInterfaceOrientationPortraitUpsideDown UIInterfaceOrientationLandscapeLeft UIInterfaceOrientationLandscapeRight";
				INFOPLIST_KEY_UISupportedInterfaceOrientations_iPhone = "UIInterfaceOrientationPortrait UIInterfaceOrientationLandscapeLeft UIInterfaceOrientationLandscapeRight";
				LD_RUNPATH_SEARCH_PATHS = (
					"$(inherited)",
					"@executable_path/Frameworks",
				);
				MARKETING_VERSION = 1.0;
				PRODUCT_BUNDLE_IDENTIFIER = com.testapp.ForeFlightProject;
				PRODUCT_NAME = "$(TARGET_NAME)";
				SWIFT_EMIT_LOC_STRINGS = YES;
				SWIFT_VERSION = 5.0;
				TARGETED_DEVICE_FAMILY = "1,2";
			};
			name = Release;
		};
		A10EF943282D9B1300764BB6 /* Debug */ = {
			isa = XCBuildConfiguration;
			buildSettings = {
				ALWAYS_EMBED_SWIFT_STANDARD_LIBRARIES = YES;
				BUNDLE_LOADER = "$(TEST_HOST)";
				CODE_SIGN_STYLE = Automatic;
				CURRENT_PROJECT_VERSION = 1;
				DEVELOPMENT_TEAM = 3W8TLG2K9U;
				GENERATE_INFOPLIST_FILE = YES;
				IPHONEOS_DEPLOYMENT_TARGET = 15.2;
				MARKETING_VERSION = 1.0;
				PRODUCT_BUNDLE_IDENTIFIER = com.testapp.ForeFlightProjectTests;
				PRODUCT_NAME = "$(TARGET_NAME)";
				SWIFT_EMIT_LOC_STRINGS = NO;
				SWIFT_VERSION = 5.0;
				TARGETED_DEVICE_FAMILY = "1,2";
				TEST_HOST = "$(BUILT_PRODUCTS_DIR)/ForeFlightProject.app/ForeFlightProject";
			};
			name = Debug;
		};
		A10EF944282D9B1300764BB6 /* Release */ = {
			isa = XCBuildConfiguration;
			buildSettings = {
				ALWAYS_EMBED_SWIFT_STANDARD_LIBRARIES = YES;
				BUNDLE_LOADER = "$(TEST_HOST)";
				CODE_SIGN_STYLE = Automatic;
				CURRENT_PROJECT_VERSION = 1;
				DEVELOPMENT_TEAM = 3W8TLG2K9U;
				GENERATE_INFOPLIST_FILE = YES;
				IPHONEOS_DEPLOYMENT_TARGET = 15.2;
				MARKETING_VERSION = 1.0;
				PRODUCT_BUNDLE_IDENTIFIER = com.testapp.ForeFlightProjectTests;
				PRODUCT_NAME = "$(TARGET_NAME)";
				SWIFT_EMIT_LOC_STRINGS = NO;
				SWIFT_VERSION = 5.0;
				TARGETED_DEVICE_FAMILY = "1,2";
				TEST_HOST = "$(BUILT_PRODUCTS_DIR)/ForeFlightProject.app/ForeFlightProject";
			};
			name = Release;
		};
		A10EF946282D9B1300764BB6 /* Debug */ = {
			isa = XCBuildConfiguration;
			buildSettings = {
				ALWAYS_EMBED_SWIFT_STANDARD_LIBRARIES = YES;
				CODE_SIGN_STYLE = Automatic;
				CURRENT_PROJECT_VERSION = 1;
				DEVELOPMENT_TEAM = 3W8TLG2K9U;
				GENERATE_INFOPLIST_FILE = YES;
				MARKETING_VERSION = 1.0;
				PRODUCT_BUNDLE_IDENTIFIER = com.testapp.ForeFlightProjectUITests;
				PRODUCT_NAME = "$(TARGET_NAME)";
				SWIFT_EMIT_LOC_STRINGS = NO;
				SWIFT_VERSION = 5.0;
				TARGETED_DEVICE_FAMILY = "1,2";
				TEST_TARGET_NAME = ForeFlightProject;
			};
			name = Debug;
		};
		A10EF947282D9B1300764BB6 /* Release */ = {
			isa = XCBuildConfiguration;
			buildSettings = {
				ALWAYS_EMBED_SWIFT_STANDARD_LIBRARIES = YES;
				CODE_SIGN_STYLE = Automatic;
				CURRENT_PROJECT_VERSION = 1;
				DEVELOPMENT_TEAM = 3W8TLG2K9U;
				GENERATE_INFOPLIST_FILE = YES;
				MARKETING_VERSION = 1.0;
				PRODUCT_BUNDLE_IDENTIFIER = com.testapp.ForeFlightProjectUITests;
				PRODUCT_NAME = "$(TARGET_NAME)";
				SWIFT_EMIT_LOC_STRINGS = NO;
				SWIFT_VERSION = 5.0;
				TARGETED_DEVICE_FAMILY = "1,2";
				TEST_TARGET_NAME = ForeFlightProject;
			};
			name = Release;
		};
/* End XCBuildConfiguration section */

/* Begin XCConfigurationList section */
		A10EF910282D9B1000764BB6 /* Build configuration list for PBXProject "ForeFlightProject" */ = {
			isa = XCConfigurationList;
			buildConfigurations = (
				A10EF93D282D9B1300764BB6 /* Debug */,
				A10EF93E282D9B1300764BB6 /* Release */,
			);
			defaultConfigurationIsVisible = 0;
			defaultConfigurationName = Release;
		};
		A10EF93F282D9B1300764BB6 /* Build configuration list for PBXNativeTarget "ForeFlightProject" */ = {
			isa = XCConfigurationList;
			buildConfigurations = (
				A10EF940282D9B1300764BB6 /* Debug */,
				A10EF941282D9B1300764BB6 /* Release */,
			);
			defaultConfigurationIsVisible = 0;
			defaultConfigurationName = Release;
		};
		A10EF942282D9B1300764BB6 /* Build configuration list for PBXNativeTarget "ForeFlightProjectTests" */ = {
			isa = XCConfigurationList;
			buildConfigurations = (
				A10EF943282D9B1300764BB6 /* Debug */,
				A10EF944282D9B1300764BB6 /* Release */,
			);
			defaultConfigurationIsVisible = 0;
			defaultConfigurationName = Release;
		};
		A10EF945282D9B1300764BB6 /* Build configuration list for PBXNativeTarget "ForeFlightProjectUITests" */ = {
			isa = XCConfigurationList;
			buildConfigurations = (
				A10EF946282D9B1300764BB6 /* Debug */,
				A10EF947282D9B1300764BB6 /* Release */,
			);
			defaultConfigurationIsVisible = 0;
			defaultConfigurationName = Release;
		};
/* End XCConfigurationList section */
	};
	rootObject = A10EF90D282D9B1000764BB6 /* Project object */;
}
